// !$*UTF8*$!
{
	archiveVersion = 1;
	classes = {
	};
	objectVersion = 46;
	objects = {

/* Begin PBXBuildFile section */
		C305354216E928A6005A7685 /* button.png in Resources */ = {isa = PBXBuildFile; fileRef = C305354016E928A6005A7685 /* button.png */; };
		C305354316E928A6005A7685 /* button_pressed.png in Resources */ = {isa = PBXBuildFile; fileRef = C305354116E928A6005A7685 /* button_pressed.png */; };
		C311E7F816E21B89008A71AD /* UIKit.framework in Frameworks */ = {isa = PBXBuildFile; fileRef = C311E7F716E21B89008A71AD /* UIKit.framework */; };
		C311E7FA16E21B89008A71AD /* Foundation.framework in Frameworks */ = {isa = PBXBuildFile; fileRef = C311E7F916E21B89008A71AD /* Foundation.framework */; };
		C311E7FC16E21B89008A71AD /* CoreGraphics.framework in Frameworks */ = {isa = PBXBuildFile; fileRef = C311E7FB16E21B89008A71AD /* CoreGraphics.framework */; };
		C311E80216E21B89008A71AD /* InfoPlist.strings in Resources */ = {isa = PBXBuildFile; fileRef = C311E80016E21B89008A71AD /* InfoPlist.strings */; };
		C311E80416E21B89008A71AD /* main.m in Sources */ = {isa = PBXBuildFile; fileRef = C311E80316E21B89008A71AD /* main.m */; };
		C311E80816E21B89008A71AD /* IAAAppDelegate.m in Sources */ = {isa = PBXBuildFile; fileRef = C311E80716E21B89008A71AD /* IAAAppDelegate.m */; };
		C311E81916E2271B008A71AD /* IAAErrorViewController.m in Sources */ = {isa = PBXBuildFile; fileRef = C311E81716E2271B008A71AD /* IAAErrorViewController.m */; };
		C311E81A16E2271B008A71AD /* IAAErrorViewController.xib in Resources */ = {isa = PBXBuildFile; fileRef = C311E81816E2271B008A71AD /* IAAErrorViewController.xib */; };
		C311E82116E2299D008A71AD /* IAAErrorManager.m in Sources */ = {isa = PBXBuildFile; fileRef = C311E82016E2299D008A71AD /* IAAErrorManager.m */; };
		C31F7AE216F2692A004C0E52 /* Default.png in Resources */ = {isa = PBXBuildFile; fileRef = C31F7AE116F2692A004C0E52 /* Default.png */; };
		C31F7AE416F26945004C0E52 /* Default-568h@2x.png in Resources */ = {isa = PBXBuildFile; fileRef = C31F7AE316F26945004C0E52 /* Default-568h@2x.png */; };
		C31F7AE616F26AFB004C0E52 /* icon@2x.png in Resources */ = {isa = PBXBuildFile; fileRef = C31F7AE516F26AFB004C0E52 /* icon@2x.png */; };
		C31F7AE816F26AFE004C0E52 /* icon.png in Resources */ = {isa = PBXBuildFile; fileRef = C31F7AE716F26AFD004C0E52 /* icon.png */; };
		C31F7AEC16F37AA9004C0E52 /* Default@2x.png in Resources */ = {isa = PBXBuildFile; fileRef = C31F7AEB16F37AA9004C0E52 /* Default@2x.png */; };
		C31F7AF016F37B4A004C0E52 /* IAANotesViewController.m in Sources */ = {isa = PBXBuildFile; fileRef = C31F7AEF16F37B4A004C0E52 /* IAANotesViewController.m */; };
		C31F7AF316F393F8004C0E52 /* IAAKeyboard.m in Sources */ = {isa = PBXBuildFile; fileRef = C31F7AF216F393F8004C0E52 /* IAAKeyboard.m */; };
		C31F7AF616F3A33E004C0E52 /* IAACategoriesViewController.m in Sources */ = {isa = PBXBuildFile; fileRef = C31F7AF516F3A33E004C0E52 /* IAACategoriesViewController.m */; };
		C31F7AF916F3AA0C004C0E52 /* NSArray+Extensions.m in Sources */ = {isa = PBXBuildFile; fileRef = C31F7AF816F3AA0B004C0E52 /* NSArray+Extensions.m */; };
		C31F7AFD16F3B37E004C0E52 /* IAATaskChanges.m in Sources */ = {isa = PBXBuildFile; fileRef = C31F7AFC16F3B37E004C0E52 /* IAATaskChanges.m */; };
		C31F7B0016F3BF1C004C0E52 /* NSObject+Extensions.m in Sources */ = {isa = PBXBuildFile; fileRef = C31F7AFF16F3BF1C004C0E52 /* NSObject+Extensions.m */; };
		C367859916E3D722003B22F7 /* NSURL+GHUtils.m in Sources */ = {isa = PBXBuildFile; fileRef = C367859816E3D722003B22F7 /* NSURL+GHUtils.m */; settings = {COMPILER_FLAGS = "-fno-objc-arc"; }; };
		C3B75E4D16E23B76004B49FB /* IAANetworkConfiguration.m in Sources */ = {isa = PBXBuildFile; fileRef = C3B75E4C16E23B76004B49FB /* IAANetworkConfiguration.m */; };
		C3B75E5016E246FE004B49FB /* IAAMainViewController.m in Sources */ = {isa = PBXBuildFile; fileRef = C3B75E4F16E246FE004B49FB /* IAAMainViewController.m */; };
		C3B75E5416E24855004B49FB /* toolbarIcon_conf.png in Resources */ = {isa = PBXBuildFile; fileRef = C3B75E5216E24855004B49FB /* toolbarIcon_conf.png */; };
		C3B75E5516E24855004B49FB /* toolbarIcon_conf@2x.png in Resources */ = {isa = PBXBuildFile; fileRef = C3B75E5316E24855004B49FB /* toolbarIcon_conf@2x.png */; };
		C3B75E5916E249C7004B49FB /* IAASettingsViewController.m in Sources */ = {isa = PBXBuildFile; fileRef = C3B75E5816E249C7004B49FB /* IAASettingsViewController.m */; };
		C3B75E5D16E25175004B49FB /* SFHFKeychainUtils.m in Sources */ = {isa = PBXBuildFile; fileRef = C3B75E5C16E25175004B49FB /* SFHFKeychainUtils.m */; settings = {COMPILER_FLAGS = "-fno-objc-arc"; }; };
		C3B75E5F16E2520E004B49FB /* Security.framework in Frameworks */ = {isa = PBXBuildFile; fileRef = C3B75E5E16E2520E004B49FB /* Security.framework */; };
		C3B75E6216E2522F004B49FB /* IAAIdentityManager.m in Sources */ = {isa = PBXBuildFile; fileRef = C3B75E6116E2522F004B49FB /* IAAIdentityManager.m */; };
		C3B75E6516E25365004B49FB /* IAADefaultsManager.m in Sources */ = {isa = PBXBuildFile; fileRef = C3B75E6416E25365004B49FB /* IAADefaultsManager.m */; };
		C3B75E6C16E25622004B49FB /* IAAOpenidSelectViewController.m in Sources */ = {isa = PBXBuildFile; fileRef = C3B75E6B16E25622004B49FB /* IAAOpenidSelectViewController.m */; };
		C3B75E7016E25E4C004B49FB /* openid-google.png in Resources */ = {isa = PBXBuildFile; fileRef = C3B75E6F16E25E4C004B49FB /* openid-google.png */; };
		C3B75E7216E261CF004B49FB /* openid-yahoo.png in Resources */ = {isa = PBXBuildFile; fileRef = C3B75E7116E261CF004B49FB /* openid-yahoo.png */; };
		C3B75E7416E26448004B49FB /* openid-aol.png in Resources */ = {isa = PBXBuildFile; fileRef = C3B75E7316E26448004B49FB /* openid-aol.png */; };
		C3B75E7616E2651B004B49FB /* openid-myopenid.png in Resources */ = {isa = PBXBuildFile; fileRef = C3B75E7516E2651B004B49FB /* openid-myopenid.png */; };
		C3B75E7816E26586004B49FB /* openid.png in Resources */ = {isa = PBXBuildFile; fileRef = C3B75E7716E26586004B49FB /* openid.png */; };
		C3B75E7F16E26736004B49FB /* IAAOpenidAccountViewController.m in Sources */ = {isa = PBXBuildFile; fileRef = C3B75E7D16E26736004B49FB /* IAAOpenidAccountViewController.m */; };
		C3B75E8016E26736004B49FB /* IAAOpenidAccountViewController.xib in Resources */ = {isa = PBXBuildFile; fileRef = C3B75E7E16E26736004B49FB /* IAAOpenidAccountViewController.xib */; };
		C3B75E8316E26B5C004B49FB /* NSString+Extensions.m in Sources */ = {isa = PBXBuildFile; fileRef = C3B75E8216E26B5C004B49FB /* NSString+Extensions.m */; };
		C3BA92FA16F49F7300F15CBB /* IAATasksViewController.m in Sources */ = {isa = PBXBuildFile; fileRef = C3BA92F916F49F7200F15CBB /* IAATasksViewController.m */; };
		C3BA92FE16F4B30200F15CBB /* IAANotificationManager.m in Sources */ = {isa = PBXBuildFile; fileRef = C3BA92FD16F4B30200F15CBB /* IAANotificationManager.m */; };
		C3BA930216F4D15500F15CBB /* NSSet+Extensions.m in Sources */ = {isa = PBXBuildFile; fileRef = C3BA930116F4D15500F15CBB /* NSSet+Extensions.m */; };
		C3BA931216F4D3DB00F15CBB /* libsbjson-ios.a in Frameworks */ = {isa = PBXBuildFile; fileRef = C3BA930F16F4D3B400F15CBB /* libsbjson-ios.a */; };
		C3BA931716F4D4B200F15CBB /* NSObject+SBJson.m in Sources */ = {isa = PBXBuildFile; fileRef = C3BA931616F4D4B200F15CBB /* NSObject+SBJson.m */; };
		C3D201EB16EE68B200BB7B60 /* TapkuLibrary.bundle in Resources */ = {isa = PBXBuildFile; fileRef = C3D201E716EE68B200BB7B60 /* TapkuLibrary.bundle */; };
		C3D201F416EE68F500BB7B60 /* libTapkuLibrary.a in Frameworks */ = {isa = PBXBuildFile; fileRef = C3D201EF16EE68B200BB7B60 /* libTapkuLibrary.a */; };
		C3D201F616EE690200BB7B60 /* MapKit.framework in Frameworks */ = {isa = PBXBuildFile; fileRef = C3D201F516EE690200BB7B60 /* MapKit.framework */; };
		C3D201F816EE690900BB7B60 /* QuartzCore.framework in Frameworks */ = {isa = PBXBuildFile; fileRef = C3D201F716EE690900BB7B60 /* QuartzCore.framework */; };
		C3D2020216EE6B2A00BB7B60 /* IAAMigrationManager.m in Sources */ = {isa = PBXBuildFile; fileRef = C3D201FD16EE6B2A00BB7B60 /* IAAMigrationManager.m */; };
		C3D2020316EE6B2A00BB7B60 /* IAACoreDataStack.m in Sources */ = {isa = PBXBuildFile; fileRef = C3D201FF16EE6B2A00BB7B60 /* IAACoreDataStack.m */; };
		C3D2020416EE6B2A00BB7B60 /* IAADataAccess.m in Sources */ = {isa = PBXBuildFile; fileRef = C3D2020116EE6B2A00BB7B60 /* IAADataAccess.m */; };
		C3D2020616EE6B8600BB7B60 /* CoreData.framework in Frameworks */ = {isa = PBXBuildFile; fileRef = C3D2020516EE6B8600BB7B60 /* CoreData.framework */; };
		C3D2020916EE6D2600BB7B60 /* IAAUtils.m in Sources */ = {isa = PBXBuildFile; fileRef = C3D2020816EE6D2600BB7B60 /* IAAUtils.m */; };
		C3D2020F16EE711E00BB7B60 /* MBProgressHUD.m in Sources */ = {isa = PBXBuildFile; fileRef = C3D2020E16EE711E00BB7B60 /* MBProgressHUD.m */; };
		C3D2021216EE734000BB7B60 /* Model.xcdatamodeld in Sources */ = {isa = PBXBuildFile; fileRef = C3D2021016EE734000BB7B60 /* Model.xcdatamodeld */; };
		C3DF28BB16EF969E00F395D5 /* IAATaskViewController.m in Sources */ = {isa = PBXBuildFile; fileRef = C3DF28BA16EF969E00F395D5 /* IAATaskViewController.m */; };
		C3DF28BF16EF975300F395D5 /* IAATask.m in Sources */ = {isa = PBXBuildFile; fileRef = C3DF28BE16EF975300F395D5 /* IAATask.m */; };
		C3DF28C216EF975300F395D5 /* IAACategory.m in Sources */ = {isa = PBXBuildFile; fileRef = C3DF28C116EF975300F395D5 /* IAACategory.m */; };
		C3DF28C516EF975300F395D5 /* IAAPatch.m in Sources */ = {isa = PBXBuildFile; fileRef = C3DF28C416EF975300F395D5 /* IAAPatch.m */; };
		C3DF28C916EF9C7300F395D5 /* IAAColor.m in Sources */ = {isa = PBXBuildFile; fileRef = C3DF28C816EF9C7300F395D5 /* IAAColor.m */; };
		C3DF28CC16EFA91C00F395D5 /* IAATextFieldCell.m in Sources */ = {isa = PBXBuildFile; fileRef = C3DF28CB16EFA91C00F395D5 /* IAATextFieldCell.m */; };
		C3DF28D016EFC32300F395D5 /* IAAReminderViewController.m in Sources */ = {isa = PBXBuildFile; fileRef = C3DF28CF16EFC32300F395D5 /* IAAReminderViewController.m */; };
		C3DF28D516EFC7E700F395D5 /* IAADatePickerViewController.m in Sources */ = {isa = PBXBuildFile; fileRef = C3DF28D416EFC7E700F395D5 /* IAADatePickerViewController.m */; };
		C3DF28D816EFCD6400F395D5 /* IAADateFormatter.m in Sources */ = {isa = PBXBuildFile; fileRef = C3DF28D716EFCD6400F395D5 /* IAADateFormatter.m */; };
		C3DF28DB16EFCFC500F395D5 /* IAADateCalculator.m in Sources */ = {isa = PBXBuildFile; fileRef = C3DF28DA16EFCFC500F395D5 /* IAADateCalculator.m */; };
		C3DF28DE16EFD23B00F395D5 /* IAATimePickerViewController.m in Sources */ = {isa = PBXBuildFile; fileRef = C3DF28DD16EFD23B00F395D5 /* IAATimePickerViewController.m */; };
		C3F12BF016F25010007C3198 /* DDAbstractDatabaseLogger.m in Sources */ = {isa = PBXBuildFile; fileRef = C3F12BE716F25010007C3198 /* DDAbstractDatabaseLogger.m */; };
		C3F12BF116F25010007C3198 /* DDASLLogger.m in Sources */ = {isa = PBXBuildFile; fileRef = C3F12BE916F25010007C3198 /* DDASLLogger.m */; };
		C3F12BF216F25010007C3198 /* DDFileLogger.m in Sources */ = {isa = PBXBuildFile; fileRef = C3F12BEB16F25010007C3198 /* DDFileLogger.m */; };
		C3F12BF316F25010007C3198 /* DDLog.m in Sources */ = {isa = PBXBuildFile; fileRef = C3F12BED16F25010007C3198 /* DDLog.m */; };
		C3F12BF416F25010007C3198 /* DDTTYLogger.m in Sources */ = {isa = PBXBuildFile; fileRef = C3F12BEF16F25010007C3198 /* DDTTYLogger.m */; };
/* End PBXBuildFile section */

/* Begin PBXContainerItemProxy section */
		C3BA930A16F4D3B400F15CBB /* PBXContainerItemProxy */ = {
			isa = PBXContainerItemProxy;
			containerPortal = C3BA930316F4D3B300F15CBB /* SBJson.xcodeproj */;
			proxyType = 2;
			remoteGlobalIDString = BC12323D1391D5CC00131607;
			remoteInfo = SBJson;
		};
		C3BA930C16F4D3B400F15CBB /* PBXContainerItemProxy */ = {
			isa = PBXContainerItemProxy;
			containerPortal = C3BA930316F4D3B300F15CBB /* SBJson.xcodeproj */;
			proxyType = 2;
			remoteGlobalIDString = BC1232521391D5CC00131607;
			remoteInfo = SBJsonTests;
		};
		C3BA930E16F4D3B400F15CBB /* PBXContainerItemProxy */ = {
			isa = PBXContainerItemProxy;
			containerPortal = C3BA930316F4D3B300F15CBB /* SBJson.xcodeproj */;
			proxyType = 2;
			remoteGlobalIDString = BCC2626913920FC7003D9994;
			remoteInfo = "sbjson-ios";
		};
		C3BA931016F4D3B400F15CBB /* PBXContainerItemProxy */ = {
			isa = PBXContainerItemProxy;
			containerPortal = C3BA930316F4D3B300F15CBB /* SBJson.xcodeproj */;
			proxyType = 2;
			remoteGlobalIDString = BCC2627313920FC7003D9994;
			remoteInfo = "sbjson-iosTests";
		};
		C3BA931316F4D3EF00F15CBB /* PBXContainerItemProxy */ = {
			isa = PBXContainerItemProxy;
			containerPortal = C3BA930316F4D3B300F15CBB /* SBJson.xcodeproj */;
			proxyType = 1;
			remoteGlobalIDString = BCC2626813920FC7003D9994;
			remoteInfo = "sbjson-ios";
		};
		C3D201EE16EE68B200BB7B60 /* PBXContainerItemProxy */ = {
			isa = PBXContainerItemProxy;
			containerPortal = C3D201E816EE68B200BB7B60 /* TapkuLibrary.xcodeproj */;
			proxyType = 2;
			remoteGlobalIDString = D2AAC07E0554694100DB518D;
			remoteInfo = TapkuLibrary;
		};
		C3D201F016EE68B200BB7B60 /* PBXContainerItemProxy */ = {
			isa = PBXContainerItemProxy;
			containerPortal = C3D201E816EE68B200BB7B60 /* TapkuLibrary.xcodeproj */;
			proxyType = 2;
			remoteGlobalIDString = 3B45DDF1134C736600D24C1A;
			remoteInfo = LogicTests;
		};
		C3D201F216EE68DE00BB7B60 /* PBXContainerItemProxy */ = {
			isa = PBXContainerItemProxy;
			containerPortal = C3D201E816EE68B200BB7B60 /* TapkuLibrary.xcodeproj */;
			proxyType = 1;
			remoteGlobalIDString = D2AAC07D0554694100DB518D;
			remoteInfo = TapkuLibrary;
		};
/* End PBXContainerItemProxy section */

/* Begin PBXFileReference section */
		C305354016E928A6005A7685 /* button.png */ = {isa = PBXFileReference; lastKnownFileType = image.png; path = button.png; sourceTree = "<group>"; };
		C305354116E928A6005A7685 /* button_pressed.png */ = {isa = PBXFileReference; lastKnownFileType = image.png; path = button_pressed.png; sourceTree = "<group>"; };
		C311E7F416E21B89008A71AD /* Tasks.app */ = {isa = PBXFileReference; explicitFileType = wrapper.application; includeInIndex = 0; path = Tasks.app; sourceTree = BUILT_PRODUCTS_DIR; };
		C311E7F716E21B89008A71AD /* UIKit.framework */ = {isa = PBXFileReference; lastKnownFileType = wrapper.framework; name = UIKit.framework; path = System/Library/Frameworks/UIKit.framework; sourceTree = SDKROOT; };
		C311E7F916E21B89008A71AD /* Foundation.framework */ = {isa = PBXFileReference; lastKnownFileType = wrapper.framework; name = Foundation.framework; path = System/Library/Frameworks/Foundation.framework; sourceTree = SDKROOT; };
		C311E7FB16E21B89008A71AD /* CoreGraphics.framework */ = {isa = PBXFileReference; lastKnownFileType = wrapper.framework; name = CoreGraphics.framework; path = System/Library/Frameworks/CoreGraphics.framework; sourceTree = SDKROOT; };
		C311E7FF16E21B89008A71AD /* Tasks-Info.plist */ = {isa = PBXFileReference; lastKnownFileType = text.plist.xml; path = "Tasks-Info.plist"; sourceTree = "<group>"; };
		C311E80116E21B89008A71AD /* en */ = {isa = PBXFileReference; lastKnownFileType = text.plist.strings; name = en; path = en.lproj/InfoPlist.strings; sourceTree = "<group>"; };
		C311E80316E21B89008A71AD /* main.m */ = {isa = PBXFileReference; lastKnownFileType = sourcecode.c.objc; path = main.m; sourceTree = "<group>"; };
		C311E80516E21B89008A71AD /* Tasks-Prefix.pch */ = {isa = PBXFileReference; lastKnownFileType = sourcecode.c.h; path = "Tasks-Prefix.pch"; sourceTree = "<group>"; };
		C311E80616E21B89008A71AD /* IAAAppDelegate.h */ = {isa = PBXFileReference; lastKnownFileType = sourcecode.c.h; path = IAAAppDelegate.h; sourceTree = "<group>"; };
		C311E80716E21B89008A71AD /* IAAAppDelegate.m */ = {isa = PBXFileReference; lastKnownFileType = sourcecode.c.objc; path = IAAAppDelegate.m; sourceTree = "<group>"; };
		C311E81616E2271B008A71AD /* IAAErrorViewController.h */ = {isa = PBXFileReference; fileEncoding = 4; lastKnownFileType = sourcecode.c.h; path = IAAErrorViewController.h; sourceTree = "<group>"; };
		C311E81716E2271B008A71AD /* IAAErrorViewController.m */ = {isa = PBXFileReference; fileEncoding = 4; lastKnownFileType = sourcecode.c.objc; path = IAAErrorViewController.m; sourceTree = "<group>"; };
		C311E81816E2271B008A71AD /* IAAErrorViewController.xib */ = {isa = PBXFileReference; fileEncoding = 4; lastKnownFileType = file.xib; path = IAAErrorViewController.xib; sourceTree = "<group>"; };
		C311E81F16E2299D008A71AD /* IAAErrorManager.h */ = {isa = PBXFileReference; fileEncoding = 4; lastKnownFileType = sourcecode.c.h; path = IAAErrorManager.h; sourceTree = "<group>"; };
		C311E82016E2299D008A71AD /* IAAErrorManager.m */ = {isa = PBXFileReference; fileEncoding = 4; lastKnownFileType = sourcecode.c.objc; path = IAAErrorManager.m; sourceTree = "<group>"; };
		C31F7AE116F2692A004C0E52 /* Default.png */ = {isa = PBXFileReference; lastKnownFileType = image.png; name = Default.png; path = ../Default.png; sourceTree = "<group>"; };
		C31F7AE316F26945004C0E52 /* Default-568h@2x.png */ = {isa = PBXFileReference; lastKnownFileType = image.png; name = "Default-568h@2x.png"; path = "../Default-568h@2x.png"; sourceTree = "<group>"; };
		C31F7AE516F26AFB004C0E52 /* icon@2x.png */ = {isa = PBXFileReference; lastKnownFileType = image.png; name = "icon@2x.png"; path = "../icon@2x.png"; sourceTree = "<group>"; };
		C31F7AE716F26AFD004C0E52 /* icon.png */ = {isa = PBXFileReference; lastKnownFileType = image.png; name = icon.png; path = ../icon.png; sourceTree = "<group>"; };
		C31F7AEB16F37AA9004C0E52 /* Default@2x.png */ = {isa = PBXFileReference; lastKnownFileType = image.png; path = "Default@2x.png"; sourceTree = "<group>"; };
		C31F7AEE16F37B4A004C0E52 /* IAANotesViewController.h */ = {isa = PBXFileReference; fileEncoding = 4; lastKnownFileType = sourcecode.c.h; path = IAANotesViewController.h; sourceTree = "<group>"; };
		C31F7AEF16F37B4A004C0E52 /* IAANotesViewController.m */ = {isa = PBXFileReference; fileEncoding = 4; lastKnownFileType = sourcecode.c.objc; path = IAANotesViewController.m; sourceTree = "<group>"; };
		C31F7AF116F393F8004C0E52 /* IAAKeyboard.h */ = {isa = PBXFileReference; fileEncoding = 4; lastKnownFileType = sourcecode.c.h; path = IAAKeyboard.h; sourceTree = "<group>"; };
		C31F7AF216F393F8004C0E52 /* IAAKeyboard.m */ = {isa = PBXFileReference; fileEncoding = 4; lastKnownFileType = sourcecode.c.objc; path = IAAKeyboard.m; sourceTree = "<group>"; };
		C31F7AF416F3A33E004C0E52 /* IAACategoriesViewController.h */ = {isa = PBXFileReference; fileEncoding = 4; lastKnownFileType = sourcecode.c.h; path = IAACategoriesViewController.h; sourceTree = "<group>"; };
		C31F7AF516F3A33E004C0E52 /* IAACategoriesViewController.m */ = {isa = PBXFileReference; fileEncoding = 4; lastKnownFileType = sourcecode.c.objc; path = IAACategoriesViewController.m; sourceTree = "<group>"; };
		C31F7AF716F3AA0B004C0E52 /* NSArray+Extensions.h */ = {isa = PBXFileReference; fileEncoding = 4; lastKnownFileType = sourcecode.c.h; path = "NSArray+Extensions.h"; sourceTree = "<group>"; };
		C31F7AF816F3AA0B004C0E52 /* NSArray+Extensions.m */ = {isa = PBXFileReference; fileEncoding = 4; lastKnownFileType = sourcecode.c.objc; path = "NSArray+Extensions.m"; sourceTree = "<group>"; };
		C31F7AFB16F3B37E004C0E52 /* IAATaskChanges.h */ = {isa = PBXFileReference; fileEncoding = 4; lastKnownFileType = sourcecode.c.h; path = IAATaskChanges.h; sourceTree = "<group>"; };
		C31F7AFC16F3B37E004C0E52 /* IAATaskChanges.m */ = {isa = PBXFileReference; fileEncoding = 4; lastKnownFileType = sourcecode.c.objc; path = IAATaskChanges.m; sourceTree = "<group>"; };
		C31F7AFE16F3BF1B004C0E52 /* NSObject+Extensions.h */ = {isa = PBXFileReference; fileEncoding = 4; lastKnownFileType = sourcecode.c.h; path = "NSObject+Extensions.h"; sourceTree = "<group>"; };
		C31F7AFF16F3BF1C004C0E52 /* NSObject+Extensions.m */ = {isa = PBXFileReference; fileEncoding = 4; lastKnownFileType = sourcecode.c.objc; path = "NSObject+Extensions.m"; sourceTree = "<group>"; };
		C367859716E3D722003B22F7 /* NSURL+GHUtils.h */ = {isa = PBXFileReference; fileEncoding = 4; lastKnownFileType = sourcecode.c.h; path = "NSURL+GHUtils.h"; sourceTree = "<group>"; };
		C367859816E3D722003B22F7 /* NSURL+GHUtils.m */ = {isa = PBXFileReference; fileEncoding = 4; lastKnownFileType = sourcecode.c.objc; path = "NSURL+GHUtils.m"; sourceTree = "<group>"; };
		C3B75E4B16E23B76004B49FB /* IAANetworkConfiguration.h */ = {isa = PBXFileReference; fileEncoding = 4; lastKnownFileType = sourcecode.c.h; path = IAANetworkConfiguration.h; sourceTree = "<group>"; };
		C3B75E4C16E23B76004B49FB /* IAANetworkConfiguration.m */ = {isa = PBXFileReference; fileEncoding = 4; lastKnownFileType = sourcecode.c.objc; path = IAANetworkConfiguration.m; sourceTree = "<group>"; };
		C3B75E4E16E246FE004B49FB /* IAAMainViewController.h */ = {isa = PBXFileReference; fileEncoding = 4; lastKnownFileType = sourcecode.c.h; path = IAAMainViewController.h; sourceTree = "<group>"; };
		C3B75E4F16E246FE004B49FB /* IAAMainViewController.m */ = {isa = PBXFileReference; fileEncoding = 4; lastKnownFileType = sourcecode.c.objc; path = IAAMainViewController.m; sourceTree = "<group>"; };
		C3B75E5216E24855004B49FB /* toolbarIcon_conf.png */ = {isa = PBXFileReference; lastKnownFileType = image.png; path = toolbarIcon_conf.png; sourceTree = "<group>"; };
		C3B75E5316E24855004B49FB /* toolbarIcon_conf@2x.png */ = {isa = PBXFileReference; lastKnownFileType = image.png; path = "toolbarIcon_conf@2x.png"; sourceTree = "<group>"; };
		C3B75E5716E249C7004B49FB /* IAASettingsViewController.h */ = {isa = PBXFileReference; fileEncoding = 4; lastKnownFileType = sourcecode.c.h; path = IAASettingsViewController.h; sourceTree = "<group>"; };
		C3B75E5816E249C7004B49FB /* IAASettingsViewController.m */ = {isa = PBXFileReference; fileEncoding = 4; lastKnownFileType = sourcecode.c.objc; path = IAASettingsViewController.m; sourceTree = "<group>"; };
		C3B75E5B16E25175004B49FB /* SFHFKeychainUtils.h */ = {isa = PBXFileReference; fileEncoding = 4; lastKnownFileType = sourcecode.c.h; path = SFHFKeychainUtils.h; sourceTree = "<group>"; };
		C3B75E5C16E25175004B49FB /* SFHFKeychainUtils.m */ = {isa = PBXFileReference; fileEncoding = 4; lastKnownFileType = sourcecode.c.objc; path = SFHFKeychainUtils.m; sourceTree = "<group>"; };
		C3B75E5E16E2520E004B49FB /* Security.framework */ = {isa = PBXFileReference; lastKnownFileType = wrapper.framework; name = Security.framework; path = System/Library/Frameworks/Security.framework; sourceTree = SDKROOT; };
		C3B75E6016E2522F004B49FB /* IAAIdentityManager.h */ = {isa = PBXFileReference; fileEncoding = 4; lastKnownFileType = sourcecode.c.h; path = IAAIdentityManager.h; sourceTree = "<group>"; };
		C3B75E6116E2522F004B49FB /* IAAIdentityManager.m */ = {isa = PBXFileReference; fileEncoding = 4; lastKnownFileType = sourcecode.c.objc; path = IAAIdentityManager.m; sourceTree = "<group>"; };
		C3B75E6316E25365004B49FB /* IAADefaultsManager.h */ = {isa = PBXFileReference; fileEncoding = 4; lastKnownFileType = sourcecode.c.h; path = IAADefaultsManager.h; sourceTree = "<group>"; };
		C3B75E6416E25365004B49FB /* IAADefaultsManager.m */ = {isa = PBXFileReference; fileEncoding = 4; lastKnownFileType = sourcecode.c.objc; path = IAADefaultsManager.m; sourceTree = "<group>"; };
		C3B75E6A16E25622004B49FB /* IAAOpenidSelectViewController.h */ = {isa = PBXFileReference; fileEncoding = 4; lastKnownFileType = sourcecode.c.h; path = IAAOpenidSelectViewController.h; sourceTree = "<group>"; };
		C3B75E6B16E25622004B49FB /* IAAOpenidSelectViewController.m */ = {isa = PBXFileReference; fileEncoding = 4; lastKnownFileType = sourcecode.c.objc; path = IAAOpenidSelectViewController.m; sourceTree = "<group>"; };
		C3B75E6F16E25E4C004B49FB /* openid-google.png */ = {isa = PBXFileReference; lastKnownFileType = image.png; path = "openid-google.png"; sourceTree = "<group>"; };
		C3B75E7116E261CF004B49FB /* openid-yahoo.png */ = {isa = PBXFileReference; lastKnownFileType = image.png; path = "openid-yahoo.png"; sourceTree = "<group>"; };
		C3B75E7316E26448004B49FB /* openid-aol.png */ = {isa = PBXFileReference; lastKnownFileType = image.png; path = "openid-aol.png"; sourceTree = "<group>"; };
		C3B75E7516E2651B004B49FB /* openid-myopenid.png */ = {isa = PBXFileReference; lastKnownFileType = image.png; path = "openid-myopenid.png"; sourceTree = "<group>"; };
		C3B75E7716E26586004B49FB /* openid.png */ = {isa = PBXFileReference; lastKnownFileType = image.png; path = openid.png; sourceTree = "<group>"; };
		C3B75E7C16E26736004B49FB /* IAAOpenidAccountViewController.h */ = {isa = PBXFileReference; fileEncoding = 4; lastKnownFileType = sourcecode.c.h; path = IAAOpenidAccountViewController.h; sourceTree = "<group>"; };
		C3B75E7D16E26736004B49FB /* IAAOpenidAccountViewController.m */ = {isa = PBXFileReference; fileEncoding = 4; lastKnownFileType = sourcecode.c.objc; path = IAAOpenidAccountViewController.m; sourceTree = "<group>"; };
		C3B75E7E16E26736004B49FB /* IAAOpenidAccountViewController.xib */ = {isa = PBXFileReference; fileEncoding = 4; lastKnownFileType = file.xib; path = IAAOpenidAccountViewController.xib; sourceTree = "<group>"; };
		C3B75E8116E26B5C004B49FB /* NSString+Extensions.h */ = {isa = PBXFileReference; fileEncoding = 4; lastKnownFileType = sourcecode.c.h; path = "NSString+Extensions.h"; sourceTree = "<group>"; };
		C3B75E8216E26B5C004B49FB /* NSString+Extensions.m */ = {isa = PBXFileReference; fileEncoding = 4; lastKnownFileType = sourcecode.c.objc; path = "NSString+Extensions.m"; sourceTree = "<group>"; };
		C3BA92F816F49F7200F15CBB /* IAATasksViewController.h */ = {isa = PBXFileReference; fileEncoding = 4; lastKnownFileType = sourcecode.c.h; path = IAATasksViewController.h; sourceTree = "<group>"; };
		C3BA92F916F49F7200F15CBB /* IAATasksViewController.m */ = {isa = PBXFileReference; fileEncoding = 4; lastKnownFileType = sourcecode.c.objc; path = IAATasksViewController.m; sourceTree = "<group>"; };
		C3BA92FC16F4B30200F15CBB /* IAANotificationManager.h */ = {isa = PBXFileReference; fileEncoding = 4; lastKnownFileType = sourcecode.c.h; path = IAANotificationManager.h; sourceTree = "<group>"; };
		C3BA92FD16F4B30200F15CBB /* IAANotificationManager.m */ = {isa = PBXFileReference; fileEncoding = 4; lastKnownFileType = sourcecode.c.objc; path = IAANotificationManager.m; sourceTree = "<group>"; };
		C3BA930016F4D15400F15CBB /* NSSet+Extensions.h */ = {isa = PBXFileReference; fileEncoding = 4; lastKnownFileType = sourcecode.c.h; path = "NSSet+Extensions.h"; sourceTree = "<group>"; };
		C3BA930116F4D15500F15CBB /* NSSet+Extensions.m */ = {isa = PBXFileReference; fileEncoding = 4; lastKnownFileType = sourcecode.c.objc; path = "NSSet+Extensions.m"; sourceTree = "<group>"; };
		C3BA930316F4D3B300F15CBB /* SBJson.xcodeproj */ = {isa = PBXFileReference; lastKnownFileType = "wrapper.pb-project"; name = SBJson.xcodeproj; path = "submodules/json-framework/SBJson.xcodeproj"; sourceTree = "<group>"; };
		C3BA931516F4D4B200F15CBB /* NSObject+SBJson.h */ = {isa = PBXFileReference; fileEncoding = 4; lastKnownFileType = sourcecode.c.h; path = "NSObject+SBJson.h"; sourceTree = "<group>"; };
		C3BA931616F4D4B200F15CBB /* NSObject+SBJson.m */ = {isa = PBXFileReference; fileEncoding = 4; lastKnownFileType = sourcecode.c.objc; path = "NSObject+SBJson.m"; sourceTree = "<group>"; };
		C3D201E716EE68B200BB7B60 /* TapkuLibrary.bundle */ = {isa = PBXFileReference; lastKnownFileType = "wrapper.plug-in"; name = TapkuLibrary.bundle; path = submodules/tapku/src/TapkuLibrary.bundle; sourceTree = "<group>"; };
		C3D201E816EE68B200BB7B60 /* TapkuLibrary.xcodeproj */ = {isa = PBXFileReference; lastKnownFileType = "wrapper.pb-project"; name = TapkuLibrary.xcodeproj; path = submodules/tapku/src/TapkuLibrary.xcodeproj; sourceTree = "<group>"; };
		C3D201F516EE690200BB7B60 /* MapKit.framework */ = {isa = PBXFileReference; lastKnownFileType = wrapper.framework; name = MapKit.framework; path = System/Library/Frameworks/MapKit.framework; sourceTree = SDKROOT; };
		C3D201F716EE690900BB7B60 /* QuartzCore.framework */ = {isa = PBXFileReference; lastKnownFileType = wrapper.framework; name = QuartzCore.framework; path = System/Library/Frameworks/QuartzCore.framework; sourceTree = SDKROOT; };
		C3D201FC16EE6B2A00BB7B60 /* IAAMigrationManager.h */ = {isa = PBXFileReference; fileEncoding = 4; lastKnownFileType = sourcecode.c.h; path = IAAMigrationManager.h; sourceTree = "<group>"; };
		C3D201FD16EE6B2A00BB7B60 /* IAAMigrationManager.m */ = {isa = PBXFileReference; fileEncoding = 4; lastKnownFileType = sourcecode.c.objc; path = IAAMigrationManager.m; sourceTree = "<group>"; };
		C3D201FE16EE6B2A00BB7B60 /* IAACoreDataStack.h */ = {isa = PBXFileReference; fileEncoding = 4; lastKnownFileType = sourcecode.c.h; path = IAACoreDataStack.h; sourceTree = "<group>"; };
		C3D201FF16EE6B2A00BB7B60 /* IAACoreDataStack.m */ = {isa = PBXFileReference; fileEncoding = 4; lastKnownFileType = sourcecode.c.objc; path = IAACoreDataStack.m; sourceTree = "<group>"; };
		C3D2020016EE6B2A00BB7B60 /* IAADataAccess.h */ = {isa = PBXFileReference; fileEncoding = 4; lastKnownFileType = sourcecode.c.h; path = IAADataAccess.h; sourceTree = "<group>"; };
		C3D2020116EE6B2A00BB7B60 /* IAADataAccess.m */ = {isa = PBXFileReference; fileEncoding = 4; lastKnownFileType = sourcecode.c.objc; path = IAADataAccess.m; sourceTree = "<group>"; };
		C3D2020516EE6B8600BB7B60 /* CoreData.framework */ = {isa = PBXFileReference; lastKnownFileType = wrapper.framework; name = CoreData.framework; path = System/Library/Frameworks/CoreData.framework; sourceTree = SDKROOT; };
		C3D2020716EE6D2600BB7B60 /* IAAUtils.h */ = {isa = PBXFileReference; fileEncoding = 4; lastKnownFileType = sourcecode.c.h; path = IAAUtils.h; sourceTree = "<group>"; };
		C3D2020816EE6D2600BB7B60 /* IAAUtils.m */ = {isa = PBXFileReference; fileEncoding = 4; lastKnownFileType = sourcecode.c.objc; path = IAAUtils.m; sourceTree = "<group>"; };
		C3D2020D16EE711E00BB7B60 /* MBProgressHUD.h */ = {isa = PBXFileReference; fileEncoding = 4; lastKnownFileType = sourcecode.c.h; path = MBProgressHUD.h; sourceTree = "<group>"; };
		C3D2020E16EE711E00BB7B60 /* MBProgressHUD.m */ = {isa = PBXFileReference; fileEncoding = 4; lastKnownFileType = sourcecode.c.objc; path = MBProgressHUD.m; sourceTree = "<group>"; };
		C3D2021116EE734000BB7B60 /* Model.xcdatamodel */ = {isa = PBXFileReference; lastKnownFileType = wrapper.xcdatamodel; path = Model.xcdatamodel; sourceTree = "<group>"; };
		C3DF28B916EF969E00F395D5 /* IAATaskViewController.h */ = {isa = PBXFileReference; fileEncoding = 4; lastKnownFileType = sourcecode.c.h; path = IAATaskViewController.h; sourceTree = "<group>"; };
		C3DF28BA16EF969E00F395D5 /* IAATaskViewController.m */ = {isa = PBXFileReference; fileEncoding = 4; lastKnownFileType = sourcecode.c.objc; path = IAATaskViewController.m; sourceTree = "<group>"; };
		C3DF28BD16EF975300F395D5 /* IAATask.h */ = {isa = PBXFileReference; fileEncoding = 4; lastKnownFileType = sourcecode.c.h; path = IAATask.h; sourceTree = "<group>"; };
		C3DF28BE16EF975300F395D5 /* IAATask.m */ = {isa = PBXFileReference; fileEncoding = 4; lastKnownFileType = sourcecode.c.objc; path = IAATask.m; sourceTree = "<group>"; };
		C3DF28C016EF975300F395D5 /* IAACategory.h */ = {isa = PBXFileReference; fileEncoding = 4; lastKnownFileType = sourcecode.c.h; path = IAACategory.h; sourceTree = "<group>"; };
		C3DF28C116EF975300F395D5 /* IAACategory.m */ = {isa = PBXFileReference; fileEncoding = 4; lastKnownFileType = sourcecode.c.objc; path = IAACategory.m; sourceTree = "<group>"; };
		C3DF28C316EF975300F395D5 /* IAAPatch.h */ = {isa = PBXFileReference; fileEncoding = 4; lastKnownFileType = sourcecode.c.h; path = IAAPatch.h; sourceTree = "<group>"; };
		C3DF28C416EF975300F395D5 /* IAAPatch.m */ = {isa = PBXFileReference; fileEncoding = 4; lastKnownFileType = sourcecode.c.objc; path = IAAPatch.m; sourceTree = "<group>"; };
		C3DF28C716EF9C7300F395D5 /* IAAColor.h */ = {isa = PBXFileReference; fileEncoding = 4; lastKnownFileType = sourcecode.c.h; path = IAAColor.h; sourceTree = "<group>"; };
		C3DF28C816EF9C7300F395D5 /* IAAColor.m */ = {isa = PBXFileReference; fileEncoding = 4; lastKnownFileType = sourcecode.c.objc; path = IAAColor.m; sourceTree = "<group>"; };
		C3DF28CA16EFA91C00F395D5 /* IAATextFieldCell.h */ = {isa = PBXFileReference; fileEncoding = 4; lastKnownFileType = sourcecode.c.h; path = IAATextFieldCell.h; sourceTree = "<group>"; };
		C3DF28CB16EFA91C00F395D5 /* IAATextFieldCell.m */ = {isa = PBXFileReference; fileEncoding = 4; lastKnownFileType = sourcecode.c.objc; path = IAATextFieldCell.m; sourceTree = "<group>"; };
		C3DF28CE16EFC32300F395D5 /* IAAReminderViewController.h */ = {isa = PBXFileReference; fileEncoding = 4; lastKnownFileType = sourcecode.c.h; path = IAAReminderViewController.h; sourceTree = "<group>"; };
		C3DF28CF16EFC32300F395D5 /* IAAReminderViewController.m */ = {isa = PBXFileReference; fileEncoding = 4; lastKnownFileType = sourcecode.c.objc; path = IAAReminderViewController.m; sourceTree = "<group>"; };
		C3DF28D316EFC7E600F395D5 /* IAADatePickerViewController.h */ = {isa = PBXFileReference; fileEncoding = 4; lastKnownFileType = sourcecode.c.h; path = IAADatePickerViewController.h; sourceTree = "<group>"; };
		C3DF28D416EFC7E700F395D5 /* IAADatePickerViewController.m */ = {isa = PBXFileReference; fileEncoding = 4; lastKnownFileType = sourcecode.c.objc; path = IAADatePickerViewController.m; sourceTree = "<group>"; };
		C3DF28D616EFCD6400F395D5 /* IAADateFormatter.h */ = {isa = PBXFileReference; fileEncoding = 4; lastKnownFileType = sourcecode.c.h; path = IAADateFormatter.h; sourceTree = "<group>"; };
		C3DF28D716EFCD6400F395D5 /* IAADateFormatter.m */ = {isa = PBXFileReference; fileEncoding = 4; lastKnownFileType = sourcecode.c.objc; path = IAADateFormatter.m; sourceTree = "<group>"; };
		C3DF28D916EFCFC500F395D5 /* IAADateCalculator.h */ = {isa = PBXFileReference; fileEncoding = 4; lastKnownFileType = sourcecode.c.h; path = IAADateCalculator.h; sourceTree = "<group>"; };
		C3DF28DA16EFCFC500F395D5 /* IAADateCalculator.m */ = {isa = PBXFileReference; fileEncoding = 4; lastKnownFileType = sourcecode.c.objc; path = IAADateCalculator.m; sourceTree = "<group>"; };
		C3DF28DC16EFD23B00F395D5 /* IAATimePickerViewController.h */ = {isa = PBXFileReference; fileEncoding = 4; lastKnownFileType = sourcecode.c.h; path = IAATimePickerViewController.h; sourceTree = "<group>"; };
		C3DF28DD16EFD23B00F395D5 /* IAATimePickerViewController.m */ = {isa = PBXFileReference; fileEncoding = 4; lastKnownFileType = sourcecode.c.objc; path = IAATimePickerViewController.m; sourceTree = "<group>"; };
		C3F12BE616F25010007C3198 /* DDAbstractDatabaseLogger.h */ = {isa = PBXFileReference; fileEncoding = 4; lastKnownFileType = sourcecode.c.h; path = DDAbstractDatabaseLogger.h; sourceTree = "<group>"; };
		C3F12BE716F25010007C3198 /* DDAbstractDatabaseLogger.m */ = {isa = PBXFileReference; fileEncoding = 4; lastKnownFileType = sourcecode.c.objc; path = DDAbstractDatabaseLogger.m; sourceTree = "<group>"; };
		C3F12BE816F25010007C3198 /* DDASLLogger.h */ = {isa = PBXFileReference; fileEncoding = 4; lastKnownFileType = sourcecode.c.h; path = DDASLLogger.h; sourceTree = "<group>"; };
		C3F12BE916F25010007C3198 /* DDASLLogger.m */ = {isa = PBXFileReference; fileEncoding = 4; lastKnownFileType = sourcecode.c.objc; path = DDASLLogger.m; sourceTree = "<group>"; };
		C3F12BEA16F25010007C3198 /* DDFileLogger.h */ = {isa = PBXFileReference; fileEncoding = 4; lastKnownFileType = sourcecode.c.h; path = DDFileLogger.h; sourceTree = "<group>"; };
		C3F12BEB16F25010007C3198 /* DDFileLogger.m */ = {isa = PBXFileReference; fileEncoding = 4; lastKnownFileType = sourcecode.c.objc; path = DDFileLogger.m; sourceTree = "<group>"; };
		C3F12BEC16F25010007C3198 /* DDLog.h */ = {isa = PBXFileReference; fileEncoding = 4; lastKnownFileType = sourcecode.c.h; path = DDLog.h; sourceTree = "<group>"; };
		C3F12BED16F25010007C3198 /* DDLog.m */ = {isa = PBXFileReference; fileEncoding = 4; lastKnownFileType = sourcecode.c.objc; path = DDLog.m; sourceTree = "<group>"; };
		C3F12BEE16F25010007C3198 /* DDTTYLogger.h */ = {isa = PBXFileReference; fileEncoding = 4; lastKnownFileType = sourcecode.c.h; path = DDTTYLogger.h; sourceTree = "<group>"; };
		C3F12BEF16F25010007C3198 /* DDTTYLogger.m */ = {isa = PBXFileReference; fileEncoding = 4; lastKnownFileType = sourcecode.c.objc; path = DDTTYLogger.m; sourceTree = "<group>"; };
		C3F12BF516F25021007C3198 /* IAALog.h */ = {isa = PBXFileReference; fileEncoding = 4; lastKnownFileType = sourcecode.c.h; path = IAALog.h; sourceTree = "<group>"; };
/* End PBXFileReference section */

/* Begin PBXFrameworksBuildPhase section */
		C311E7F116E21B89008A71AD /* Frameworks */ = {
			isa = PBXFrameworksBuildPhase;
			buildActionMask = 2147483647;
			files = (
				C3BA931216F4D3DB00F15CBB /* libsbjson-ios.a in Frameworks */,
				C3D2020616EE6B8600BB7B60 /* CoreData.framework in Frameworks */,
				C3D201F816EE690900BB7B60 /* QuartzCore.framework in Frameworks */,
				C3D201F616EE690200BB7B60 /* MapKit.framework in Frameworks */,
				C3D201F416EE68F500BB7B60 /* libTapkuLibrary.a in Frameworks */,
				C3B75E5F16E2520E004B49FB /* Security.framework in Frameworks */,
				C311E7F816E21B89008A71AD /* UIKit.framework in Frameworks */,
				C311E7FA16E21B89008A71AD /* Foundation.framework in Frameworks */,
				C311E7FC16E21B89008A71AD /* CoreGraphics.framework in Frameworks */,
			);
			runOnlyForDeploymentPostprocessing = 0;
		};
/* End PBXFrameworksBuildPhase section */

/* Begin PBXGroup section */
		C311E7EB16E21B89008A71AD = {
			isa = PBXGroup;
			children = (
				C311E7FD16E21B89008A71AD /* Tasks */,
				C311E7F616E21B89008A71AD /* Frameworks */,
				C311E7F516E21B89008A71AD /* Products */,
			);
			sourceTree = "<group>";
		};
		C311E7F516E21B89008A71AD /* Products */ = {
			isa = PBXGroup;
			children = (
				C311E7F416E21B89008A71AD /* Tasks.app */,
			);
			name = Products;
			sourceTree = "<group>";
		};
		C311E7F616E21B89008A71AD /* Frameworks */ = {
			isa = PBXGroup;
			children = (
				C3BA930316F4D3B300F15CBB /* SBJson.xcodeproj */,
				C3D2020516EE6B8600BB7B60 /* CoreData.framework */,
				C3D201F716EE690900BB7B60 /* QuartzCore.framework */,
				C3D201F516EE690200BB7B60 /* MapKit.framework */,
				C3D201E716EE68B200BB7B60 /* TapkuLibrary.bundle */,
				C3D201E816EE68B200BB7B60 /* TapkuLibrary.xcodeproj */,
				C3B75E5E16E2520E004B49FB /* Security.framework */,
				C311E7F716E21B89008A71AD /* UIKit.framework */,
				C311E7F916E21B89008A71AD /* Foundation.framework */,
				C311E7FB16E21B89008A71AD /* CoreGraphics.framework */,
			);
			name = Frameworks;
			sourceTree = "<group>";
		};
		C311E7FD16E21B89008A71AD /* Tasks */ = {
			isa = PBXGroup;
			children = (
				C311E81D16E22968008A71AD /* Model */,
				C311E81B16E227AA008A71AD /* Views */,
				C311E81416E226FB008A71AD /* ViewControllers */,
				C311E80616E21B89008A71AD /* IAAAppDelegate.h */,
				C311E80716E21B89008A71AD /* IAAAppDelegate.m */,
				C311E7FE16E21B89008A71AD /* Supporting Files */,
			);
			path = Tasks;
			sourceTree = "<group>";
		};
		C311E7FE16E21B89008A71AD /* Supporting Files */ = {
			isa = PBXGroup;
			children = (
				C311E7FF16E21B89008A71AD /* Tasks-Info.plist */,
				C311E80016E21B89008A71AD /* InfoPlist.strings */,
				C311E80316E21B89008A71AD /* main.m */,
				C311E80516E21B89008A71AD /* Tasks-Prefix.pch */,
			);
			name = "Supporting Files";
			sourceTree = "<group>";
		};
		C311E81416E226FB008A71AD /* ViewControllers */ = {
			isa = PBXGroup;
			children = (
				C3DF28D116EFC39500F395D5 /* Task */,
				C311E81516E22704008A71AD /* Utils */,
				C3B75E5616E249AE004B49FB /* Settings */,
				C3B75E4E16E246FE004B49FB /* IAAMainViewController.h */,
				C3B75E4F16E246FE004B49FB /* IAAMainViewController.m */,
			);
			name = ViewControllers;
			sourceTree = "<group>";
		};
		C311E81516E22704008A71AD /* Utils */ = {
			isa = PBXGroup;
			children = (
				C311E81616E2271B008A71AD /* IAAErrorViewController.h */,
				C311E81716E2271B008A71AD /* IAAErrorViewController.m */,
			);
			name = Utils;
			sourceTree = "<group>";
		};
		C311E81B16E227AA008A71AD /* Views */ = {
			isa = PBXGroup;
			children = (
				C3DF28C616EF9C6200F395D5 /* Utils */,
				C3D2020B16EE710500BB7B60 /* Custom views */,
				C3B75E5116E24844004B49FB /* Images */,
				C311E81C16E227B0008A71AD /* Xibs */,
			);
			name = Views;
			sourceTree = "<group>";
		};
		C311E81C16E227B0008A71AD /* Xibs */ = {
			isa = PBXGroup;
			children = (
				C311E81816E2271B008A71AD /* IAAErrorViewController.xib */,
				C3B75E7E16E26736004B49FB /* IAAOpenidAccountViewController.xib */,
			);
			name = Xibs;
			sourceTree = "<group>";
		};
		C311E81D16E22968008A71AD /* Model */ = {
			isa = PBXGroup;
			children = (
				C31F7AFA16F3B372004C0E52 /* Logic */,
				C3D201FA16EE6B0C00BB7B60 /* CoreData */,
				C311E81E16E22972008A71AD /* Utils */,
			);
			name = Model;
			sourceTree = "<group>";
		};
		C311E81E16E22972008A71AD /* Utils */ = {
			isa = PBXGroup;
			children = (
				C3F12BE316F24FE2007C3198 /* Lib */,
				C3B75E8116E26B5C004B49FB /* NSString+Extensions.h */,
				C3B75E8216E26B5C004B49FB /* NSString+Extensions.m */,
				C31F7AFE16F3BF1B004C0E52 /* NSObject+Extensions.h */,
				C31F7AFF16F3BF1C004C0E52 /* NSObject+Extensions.m */,
				C367859716E3D722003B22F7 /* NSURL+GHUtils.h */,
				C367859816E3D722003B22F7 /* NSURL+GHUtils.m */,
				C311E81F16E2299D008A71AD /* IAAErrorManager.h */,
				C311E82016E2299D008A71AD /* IAAErrorManager.m */,
				C3B75E4B16E23B76004B49FB /* IAANetworkConfiguration.h */,
				C3B75E4C16E23B76004B49FB /* IAANetworkConfiguration.m */,
				C3B75E6016E2522F004B49FB /* IAAIdentityManager.h */,
				C3B75E6116E2522F004B49FB /* IAAIdentityManager.m */,
				C3B75E6316E25365004B49FB /* IAADefaultsManager.h */,
				C3B75E6416E25365004B49FB /* IAADefaultsManager.m */,
				C3D2020716EE6D2600BB7B60 /* IAAUtils.h */,
				C3D2020816EE6D2600BB7B60 /* IAAUtils.m */,
				C3DF28D616EFCD6400F395D5 /* IAADateFormatter.h */,
				C3DF28D716EFCD6400F395D5 /* IAADateFormatter.m */,
				C3DF28D916EFCFC500F395D5 /* IAADateCalculator.h */,
				C3DF28DA16EFCFC500F395D5 /* IAADateCalculator.m */,
				C3F12BF516F25021007C3198 /* IAALog.h */,
				C31F7AF716F3AA0B004C0E52 /* NSArray+Extensions.h */,
				C31F7AF816F3AA0B004C0E52 /* NSArray+Extensions.m */,
				C3BA930016F4D15400F15CBB /* NSSet+Extensions.h */,
				C3BA930116F4D15500F15CBB /* NSSet+Extensions.m */,
			);
			name = Utils;
			sourceTree = "<group>";
		};
		C31F7AFA16F3B372004C0E52 /* Logic */ = {
			isa = PBXGroup;
			children = (
				C31F7AFB16F3B37E004C0E52 /* IAATaskChanges.h */,
				C31F7AFC16F3B37E004C0E52 /* IAATaskChanges.m */,
				C3BA92FC16F4B30200F15CBB /* IAANotificationManager.h */,
				C3BA92FD16F4B30200F15CBB /* IAANotificationManager.m */,
			);
			name = Logic;
			sourceTree = "<group>";
		};
		C3B75E5116E24844004B49FB /* Images */ = {
			isa = PBXGroup;
			children = (
				C31F7AE716F26AFD004C0E52 /* icon.png */,
				C31F7AE516F26AFB004C0E52 /* icon@2x.png */,
				C31F7AE316F26945004C0E52 /* Default-568h@2x.png */,
				C31F7AE116F2692A004C0E52 /* Default.png */,
				C31F7AEB16F37AA9004C0E52 /* Default@2x.png */,
				C305354016E928A6005A7685 /* button.png */,
				C305354116E928A6005A7685 /* button_pressed.png */,
				C3B75E7716E26586004B49FB /* openid.png */,
				C3B75E6F16E25E4C004B49FB /* openid-google.png */,
				C3B75E7116E261CF004B49FB /* openid-yahoo.png */,
				C3B75E7316E26448004B49FB /* openid-aol.png */,
				C3B75E7516E2651B004B49FB /* openid-myopenid.png */,
				C3B75E5216E24855004B49FB /* toolbarIcon_conf.png */,
				C3B75E5316E24855004B49FB /* toolbarIcon_conf@2x.png */,
			);
			name = Images;
			sourceTree = "<group>";
		};
		C3B75E5616E249AE004B49FB /* Settings */ = {
			isa = PBXGroup;
			children = (
				C3B75E6616E255B9004B49FB /* Identity */,
				C3B75E5716E249C7004B49FB /* IAASettingsViewController.h */,
				C3B75E5816E249C7004B49FB /* IAASettingsViewController.m */,
			);
			name = Settings;
			sourceTree = "<group>";
		};
		C3B75E6616E255B9004B49FB /* Identity */ = {
			isa = PBXGroup;
			children = (
				C3B75E6A16E25622004B49FB /* IAAOpenidSelectViewController.h */,
				C3B75E6B16E25622004B49FB /* IAAOpenidSelectViewController.m */,
				C3B75E7C16E26736004B49FB /* IAAOpenidAccountViewController.h */,
				C3B75E7D16E26736004B49FB /* IAAOpenidAccountViewController.m */,
			);
			name = Identity;
			sourceTree = "<group>";
		};
		C3BA930416F4D3B300F15CBB /* Products */ = {
			isa = PBXGroup;
			children = (
				C3BA930B16F4D3B400F15CBB /* SBJson.framework */,
				C3BA930D16F4D3B400F15CBB /* SBJsonTests.octest */,
				C3BA930F16F4D3B400F15CBB /* libsbjson-ios.a */,
				C3BA931116F4D3B400F15CBB /* sbjson-iosTests.octest */,
			);
			name = Products;
			sourceTree = "<group>";
		};
		C3D201E916EE68B200BB7B60 /* Products */ = {
			isa = PBXGroup;
			children = (
				C3D201EF16EE68B200BB7B60 /* libTapkuLibrary.a */,
				C3D201F116EE68B200BB7B60 /* LogicTests.octest */,
			);
			name = Products;
			sourceTree = "<group>";
		};
		C3D201FA16EE6B0C00BB7B60 /* CoreData */ = {
			isa = PBXGroup;
			children = (
				C3D201FB16EE6B1900BB7B60 /* Entities */,
				C3D201FC16EE6B2A00BB7B60 /* IAAMigrationManager.h */,
				C3D201FD16EE6B2A00BB7B60 /* IAAMigrationManager.m */,
				C3D201FE16EE6B2A00BB7B60 /* IAACoreDataStack.h */,
				C3D201FF16EE6B2A00BB7B60 /* IAACoreDataStack.m */,
				C3D2020016EE6B2A00BB7B60 /* IAADataAccess.h */,
				C3D2020116EE6B2A00BB7B60 /* IAADataAccess.m */,
				C3D2021016EE734000BB7B60 /* Model.xcdatamodeld */,
			);
			name = CoreData;
			sourceTree = "<group>";
		};
		C3D201FB16EE6B1900BB7B60 /* Entities */ = {
			isa = PBXGroup;
			children = (
				C3DF28C316EF975300F395D5 /* IAAPatch.h */,
				C3DF28C416EF975300F395D5 /* IAAPatch.m */,
				C3DF28C016EF975300F395D5 /* IAACategory.h */,
				C3DF28C116EF975300F395D5 /* IAACategory.m */,
				C3DF28BD16EF975300F395D5 /* IAATask.h */,
				C3DF28BE16EF975300F395D5 /* IAATask.m */,
			);
			name = Entities;
			sourceTree = "<group>";
		};
		C3D2020B16EE710500BB7B60 /* Custom views */ = {
			isa = PBXGroup;
			children = (
				C3DF28CD16EFA92700F395D5 /* Cells */,
				C3D2020C16EE710E00BB7B60 /* Lib */,
			);
			name = "Custom views";
			sourceTree = "<group>";
		};
		C3D2020C16EE710E00BB7B60 /* Lib */ = {
			isa = PBXGroup;
			children = (
				C3D2020D16EE711E00BB7B60 /* MBProgressHUD.h */,
				C3D2020E16EE711E00BB7B60 /* MBProgressHUD.m */,
			);
			name = Lib;
			sourceTree = "<group>";
		};
		C3DF28C616EF9C6200F395D5 /* Utils */ = {
			isa = PBXGroup;
			children = (
				C3DF28C716EF9C7300F395D5 /* IAAColor.h */,
				C3DF28C816EF9C7300F395D5 /* IAAColor.m */,
				C31F7AF116F393F8004C0E52 /* IAAKeyboard.h */,
				C31F7AF216F393F8004C0E52 /* IAAKeyboard.m */,
			);
			name = Utils;
			sourceTree = "<group>";
		};
		C3DF28CD16EFA92700F395D5 /* Cells */ = {
			isa = PBXGroup;
			children = (
				C3DF28CA16EFA91C00F395D5 /* IAATextFieldCell.h */,
				C3DF28CB16EFA91C00F395D5 /* IAATextFieldCell.m */,
			);
			name = Cells;
			sourceTree = "<group>";
		};
		C3DF28D116EFC39500F395D5 /* Task */ = {
			isa = PBXGroup;
			children = (
				C3DF28D216EFC3A000F395D5 /* Reminder */,
				C3DF28B916EF969E00F395D5 /* IAATaskViewController.h */,
				C3DF28BA16EF969E00F395D5 /* IAATaskViewController.m */,
				C31F7AEE16F37B4A004C0E52 /* IAANotesViewController.h */,
				C31F7AEF16F37B4A004C0E52 /* IAANotesViewController.m */,
				C31F7AF416F3A33E004C0E52 /* IAACategoriesViewController.h */,
				C31F7AF516F3A33E004C0E52 /* IAACategoriesViewController.m */,
				C3BA92F816F49F7200F15CBB /* IAATasksViewController.h */,
				C3BA92F916F49F7200F15CBB /* IAATasksViewController.m */,
			);
			name = Task;
			sourceTree = "<group>";
		};
		C3DF28D216EFC3A000F395D5 /* Reminder */ = {
			isa = PBXGroup;
			children = (
				C3DF28CE16EFC32300F395D5 /* IAAReminderViewController.h */,
				C3DF28CF16EFC32300F395D5 /* IAAReminderViewController.m */,
				C3DF28D316EFC7E600F395D5 /* IAADatePickerViewController.h */,
				C3DF28D416EFC7E700F395D5 /* IAADatePickerViewController.m */,
				C3DF28DC16EFD23B00F395D5 /* IAATimePickerViewController.h */,
				C3DF28DD16EFD23B00F395D5 /* IAATimePickerViewController.m */,
			);
			name = Reminder;
			sourceTree = "<group>";
		};
		C3F12BE316F24FE2007C3198 /* Lib */ = {
			isa = PBXGroup;
			children = (
				C3F12BE516F24FEF007C3198 /* Lumberjack */,
				C3B75E5B16E25175004B49FB /* SFHFKeychainUtils.h */,
				C3B75E5C16E25175004B49FB /* SFHFKeychainUtils.m */,
				C3BA931516F4D4B200F15CBB /* NSObject+SBJson.h */,
				C3BA931616F4D4B200F15CBB /* NSObject+SBJson.m */,
			);
			name = Lib;
			sourceTree = "<group>";
		};
		C3F12BE516F24FEF007C3198 /* Lumberjack */ = {
			isa = PBXGroup;
			children = (
				C3F12BE616F25010007C3198 /* DDAbstractDatabaseLogger.h */,
				C3F12BE716F25010007C3198 /* DDAbstractDatabaseLogger.m */,
				C3F12BE816F25010007C3198 /* DDASLLogger.h */,
				C3F12BE916F25010007C3198 /* DDASLLogger.m */,
				C3F12BEA16F25010007C3198 /* DDFileLogger.h */,
				C3F12BEB16F25010007C3198 /* DDFileLogger.m */,
				C3F12BEC16F25010007C3198 /* DDLog.h */,
				C3F12BED16F25010007C3198 /* DDLog.m */,
				C3F12BEE16F25010007C3198 /* DDTTYLogger.h */,
				C3F12BEF16F25010007C3198 /* DDTTYLogger.m */,
			);
			name = Lumberjack;
			sourceTree = "<group>";
		};
/* End PBXGroup section */

/* Begin PBXNativeTarget section */
		C311E7F316E21B89008A71AD /* Tasks */ = {
			isa = PBXNativeTarget;
			buildConfigurationList = C311E81116E21B89008A71AD /* Build configuration list for PBXNativeTarget "Tasks" */;
			buildPhases = (
				C311E7F016E21B89008A71AD /* Sources */,
				C311E7F116E21B89008A71AD /* Frameworks */,
				C311E7F216E21B89008A71AD /* Resources */,
			);
			buildRules = (
			);
			dependencies = (
				C3BA931416F4D3EF00F15CBB /* PBXTargetDependency */,
				C3D201F316EE68DE00BB7B60 /* PBXTargetDependency */,
			);
			name = Tasks;
			productName = Tasks;
			productReference = C311E7F416E21B89008A71AD /* Tasks.app */;
			productType = "com.apple.product-type.application";
		};
/* End PBXNativeTarget section */

/* Begin PBXProject section */
		C311E7EC16E21B89008A71AD /* Project object */ = {
			isa = PBXProject;
			attributes = {
				CLASSPREFIX = IAA;
				LastUpgradeCheck = 0460;
				ORGANIZATIONNAME = "iOS Apps Austria";
			};
			buildConfigurationList = C311E7EF16E21B89008A71AD /* Build configuration list for PBXProject "Tasks" */;
			compatibilityVersion = "Xcode 3.2";
			developmentRegion = English;
			hasScannedForEncodings = 0;
			knownRegions = (
				en,
			);
			mainGroup = C311E7EB16E21B89008A71AD;
			productRefGroup = C311E7F516E21B89008A71AD /* Products */;
			projectDirPath = "";
			projectReferences = (
				{
					ProductGroup = C3BA930416F4D3B300F15CBB /* Products */;
					ProjectRef = C3BA930316F4D3B300F15CBB /* SBJson.xcodeproj */;
				},
				{
					ProductGroup = C3D201E916EE68B200BB7B60 /* Products */;
					ProjectRef = C3D201E816EE68B200BB7B60 /* TapkuLibrary.xcodeproj */;
				},
			);
			projectRoot = "";
			targets = (
				C311E7F316E21B89008A71AD /* Tasks */,
			);
		};
/* End PBXProject section */

/* Begin PBXReferenceProxy section */
		C3BA930B16F4D3B400F15CBB /* SBJson.framework */ = {
			isa = PBXReferenceProxy;
			fileType = wrapper.framework;
			path = SBJson.framework;
			remoteRef = C3BA930A16F4D3B400F15CBB /* PBXContainerItemProxy */;
			sourceTree = BUILT_PRODUCTS_DIR;
		};
		C3BA930D16F4D3B400F15CBB /* SBJsonTests.octest */ = {
			isa = PBXReferenceProxy;
			fileType = wrapper.cfbundle;
			path = SBJsonTests.octest;
			remoteRef = C3BA930C16F4D3B400F15CBB /* PBXContainerItemProxy */;
			sourceTree = BUILT_PRODUCTS_DIR;
		};
		C3BA930F16F4D3B400F15CBB /* libsbjson-ios.a */ = {
			isa = PBXReferenceProxy;
			fileType = archive.ar;
			path = "libsbjson-ios.a";
			remoteRef = C3BA930E16F4D3B400F15CBB /* PBXContainerItemProxy */;
			sourceTree = BUILT_PRODUCTS_DIR;
		};
		C3BA931116F4D3B400F15CBB /* sbjson-iosTests.octest */ = {
			isa = PBXReferenceProxy;
			fileType = wrapper.cfbundle;
			path = "sbjson-iosTests.octest";
			remoteRef = C3BA931016F4D3B400F15CBB /* PBXContainerItemProxy */;
			sourceTree = BUILT_PRODUCTS_DIR;
		};
		C3D201EF16EE68B200BB7B60 /* libTapkuLibrary.a */ = {
			isa = PBXReferenceProxy;
			fileType = archive.ar;
			path = libTapkuLibrary.a;
			remoteRef = C3D201EE16EE68B200BB7B60 /* PBXContainerItemProxy */;
			sourceTree = BUILT_PRODUCTS_DIR;
		};
		C3D201F116EE68B200BB7B60 /* LogicTests.octest */ = {
			isa = PBXReferenceProxy;
			fileType = wrapper.cfbundle;
			path = LogicTests.octest;
			remoteRef = C3D201F016EE68B200BB7B60 /* PBXContainerItemProxy */;
			sourceTree = BUILT_PRODUCTS_DIR;
		};
/* End PBXReferenceProxy section */

/* Begin PBXResourcesBuildPhase section */
		C311E7F216E21B89008A71AD /* Resources */ = {
			isa = PBXResourcesBuildPhase;
			buildActionMask = 2147483647;
			files = (
				C311E80216E21B89008A71AD /* InfoPlist.strings in Resources */,
				C311E81A16E2271B008A71AD /* IAAErrorViewController.xib in Resources */,
				C3B75E5416E24855004B49FB /* toolbarIcon_conf.png in Resources */,
				C3B75E5516E24855004B49FB /* toolbarIcon_conf@2x.png in Resources */,
				C3B75E7016E25E4C004B49FB /* openid-google.png in Resources */,
				C3B75E7216E261CF004B49FB /* openid-yahoo.png in Resources */,
				C3B75E7416E26448004B49FB /* openid-aol.png in Resources */,
				C3B75E7616E2651B004B49FB /* openid-myopenid.png in Resources */,
				C3B75E7816E26586004B49FB /* openid.png in Resources */,
				C3B75E8016E26736004B49FB /* IAAOpenidAccountViewController.xib in Resources */,
				C305354216E928A6005A7685 /* button.png in Resources */,
				C305354316E928A6005A7685 /* button_pressed.png in Resources */,
				C3D201EB16EE68B200BB7B60 /* TapkuLibrary.bundle in Resources */,
				C31F7AE216F2692A004C0E52 /* Default.png in Resources */,
				C31F7AE416F26945004C0E52 /* Default-568h@2x.png in Resources */,
				C31F7AE616F26AFB004C0E52 /* icon@2x.png in Resources */,
				C31F7AE816F26AFE004C0E52 /* icon.png in Resources */,
				C31F7AEC16F37AA9004C0E52 /* Default@2x.png in Resources */,
			);
			runOnlyForDeploymentPostprocessing = 0;
		};
/* End PBXResourcesBuildPhase section */

/* Begin PBXSourcesBuildPhase section */
		C311E7F016E21B89008A71AD /* Sources */ = {
			isa = PBXSourcesBuildPhase;
			buildActionMask = 2147483647;
			files = (
				C311E80416E21B89008A71AD /* main.m in Sources */,
				C311E80816E21B89008A71AD /* IAAAppDelegate.m in Sources */,
				C311E81916E2271B008A71AD /* IAAErrorViewController.m in Sources */,
				C311E82116E2299D008A71AD /* IAAErrorManager.m in Sources */,
				C3B75E4D16E23B76004B49FB /* IAANetworkConfiguration.m in Sources */,
				C3B75E5016E246FE004B49FB /* IAAMainViewController.m in Sources */,
				C3B75E5916E249C7004B49FB /* IAASettingsViewController.m in Sources */,
				C3B75E5D16E25175004B49FB /* SFHFKeychainUtils.m in Sources */,
				C3B75E6216E2522F004B49FB /* IAAIdentityManager.m in Sources */,
				C3B75E6516E25365004B49FB /* IAADefaultsManager.m in Sources */,
				C3B75E6C16E25622004B49FB /* IAAOpenidSelectViewController.m in Sources */,
				C3B75E7F16E26736004B49FB /* IAAOpenidAccountViewController.m in Sources */,
				C3B75E8316E26B5C004B49FB /* NSString+Extensions.m in Sources */,
				C367859916E3D722003B22F7 /* NSURL+GHUtils.m in Sources */,
				C3D2020216EE6B2A00BB7B60 /* IAAMigrationManager.m in Sources */,
				C3D2020316EE6B2A00BB7B60 /* IAACoreDataStack.m in Sources */,
				C3D2020416EE6B2A00BB7B60 /* IAADataAccess.m in Sources */,
				C3D2020916EE6D2600BB7B60 /* IAAUtils.m in Sources */,
				C3D2020F16EE711E00BB7B60 /* MBProgressHUD.m in Sources */,
				C3D2021216EE734000BB7B60 /* Model.xcdatamodeld in Sources */,
				C3DF28BB16EF969E00F395D5 /* IAATaskViewController.m in Sources */,
				C3DF28BF16EF975300F395D5 /* IAATask.m in Sources */,
				C3DF28C216EF975300F395D5 /* IAACategory.m in Sources */,
				C3DF28C516EF975300F395D5 /* IAAPatch.m in Sources */,
				C3DF28C916EF9C7300F395D5 /* IAAColor.m in Sources */,
				C3DF28CC16EFA91C00F395D5 /* IAATextFieldCell.m in Sources */,
				C3DF28D016EFC32300F395D5 /* IAAReminderViewController.m in Sources */,
				C3DF28D516EFC7E700F395D5 /* IAADatePickerViewController.m in Sources */,
				C3DF28D816EFCD6400F395D5 /* IAADateFormatter.m in Sources */,
				C3DF28DB16EFCFC500F395D5 /* IAADateCalculator.m in Sources */,
				C3DF28DE16EFD23B00F395D5 /* IAATimePickerViewController.m in Sources */,
				C3F12BF016F25010007C3198 /* DDAbstractDatabaseLogger.m in Sources */,
				C3F12BF116F25010007C3198 /* DDASLLogger.m in Sources */,
				C3F12BF216F25010007C3198 /* DDFileLogger.m in Sources */,
				C3F12BF316F25010007C3198 /* DDLog.m in Sources */,
				C3F12BF416F25010007C3198 /* DDTTYLogger.m in Sources */,
				C31F7AF016F37B4A004C0E52 /* IAANotesViewController.m in Sources */,
				C31F7AF316F393F8004C0E52 /* IAAKeyboard.m in Sources */,
				C31F7AF616F3A33E004C0E52 /* IAACategoriesViewController.m in Sources */,
				C31F7AF916F3AA0C004C0E52 /* NSArray+Extensions.m in Sources */,
				C31F7AFD16F3B37E004C0E52 /* IAATaskChanges.m in Sources */,
				C31F7B0016F3BF1C004C0E52 /* NSObject+Extensions.m in Sources */,
				C3BA92FA16F49F7300F15CBB /* IAATasksViewController.m in Sources */,
				C3BA92FE16F4B30200F15CBB /* IAANotificationManager.m in Sources */,
				C3BA930216F4D15500F15CBB /* NSSet+Extensions.m in Sources */,
				C3BA931716F4D4B200F15CBB /* NSObject+SBJson.m in Sources */,
			);
			runOnlyForDeploymentPostprocessing = 0;
		};
/* End PBXSourcesBuildPhase section */

/* Begin PBXTargetDependency section */
		C3BA931416F4D3EF00F15CBB /* PBXTargetDependency */ = {
			isa = PBXTargetDependency;
			name = "sbjson-ios";
			targetProxy = C3BA931316F4D3EF00F15CBB /* PBXContainerItemProxy */;
		};
		C3D201F316EE68DE00BB7B60 /* PBXTargetDependency */ = {
			isa = PBXTargetDependency;
			name = TapkuLibrary;
			targetProxy = C3D201F216EE68DE00BB7B60 /* PBXContainerItemProxy */;
		};
/* End PBXTargetDependency section */

/* Begin PBXVariantGroup section */
		C311E80016E21B89008A71AD /* InfoPlist.strings */ = {
			isa = PBXVariantGroup;
			children = (
				C311E80116E21B89008A71AD /* en */,
			);
			name = InfoPlist.strings;
			sourceTree = "<group>";
		};
/* End PBXVariantGroup section */

/* Begin XCBuildConfiguration section */
		C311E80F16E21B89008A71AD /* Debug */ = {
			isa = XCBuildConfiguration;
			buildSettings = {
				ALWAYS_SEARCH_USER_PATHS = NO;
				CLANG_CXX_LANGUAGE_STANDARD = "gnu++0x";
				CLANG_CXX_LIBRARY = "libc++";
				CLANG_ENABLE_OBJC_ARC = YES;
				CLANG_WARN_CONSTANT_CONVERSION = YES;
				CLANG_WARN_EMPTY_BODY = YES;
				CLANG_WARN_ENUM_CONVERSION = YES;
				CLANG_WARN_INT_CONVERSION = YES;
				CLANG_WARN__DUPLICATE_METHOD_MATCH = YES;
				"CODE_SIGN_IDENTITY[sdk=iphoneos*]" = "iPhone Developer";
				COPY_PHASE_STRIP = NO;
				GCC_C_LANGUAGE_STANDARD = gnu99;
				GCC_DYNAMIC_NO_PIC = NO;
				GCC_OPTIMIZATION_LEVEL = 0;
				GCC_PREPROCESSOR_DEFINITIONS = (
					"DEBUG=1",
					"$(inherited)",
				);
				GCC_SYMBOLS_PRIVATE_EXTERN = NO;
				GCC_WARN_ABOUT_RETURN_TYPE = YES;
				GCC_WARN_UNINITIALIZED_AUTOS = YES;
				GCC_WARN_UNUSED_VARIABLE = YES;
				IPHONEOS_DEPLOYMENT_TARGET = 6.1;
				ONLY_ACTIVE_ARCH = YES;
				SDKROOT = iphoneos;
			};
			name = Debug;
		};
		C311E81016E21B89008A71AD /* Release */ = {
			isa = XCBuildConfiguration;
			buildSettings = {
				ALWAYS_SEARCH_USER_PATHS = NO;
				CLANG_CXX_LANGUAGE_STANDARD = "gnu++0x";
				CLANG_CXX_LIBRARY = "libc++";
				CLANG_ENABLE_OBJC_ARC = YES;
				CLANG_WARN_CONSTANT_CONVERSION = YES;
				CLANG_WARN_EMPTY_BODY = YES;
				CLANG_WARN_ENUM_CONVERSION = YES;
				CLANG_WARN_INT_CONVERSION = YES;
				CLANG_WARN__DUPLICATE_METHOD_MATCH = YES;
				"CODE_SIGN_IDENTITY[sdk=iphoneos*]" = "iPhone Developer";
				COPY_PHASE_STRIP = YES;
				GCC_C_LANGUAGE_STANDARD = gnu99;
				GCC_WARN_ABOUT_RETURN_TYPE = YES;
				GCC_WARN_UNINITIALIZED_AUTOS = YES;
				GCC_WARN_UNUSED_VARIABLE = YES;
				IPHONEOS_DEPLOYMENT_TARGET = 6.1;
				OTHER_CFLAGS = "-DNS_BLOCK_ASSERTIONS=1";
				SDKROOT = iphoneos;
				VALIDATE_PRODUCT = YES;
			};
			name = Release;
		};
		C311E81216E21B89008A71AD /* Debug */ = {
			isa = XCBuildConfiguration;
			buildSettings = {
				GCC_PRECOMPILE_PREFIX_HEADER = YES;
				GCC_PREFIX_HEADER = "Tasks/Tasks-Prefix.pch";
				HEADER_SEARCH_PATHS = (
					submodules/tapku/src,
					"submodules/json-framework/src/main/objc",
				);
				INFOPLIST_FILE = "Tasks/Tasks-Info.plist";
				OTHER_LDFLAGS = "-ObjC";
				PRODUCT_NAME = "$(TARGET_NAME)";
				WRAPPER_EXTENSION = app;
			};
			name = Debug;
		};
		C311E81316E21B89008A71AD /* Release */ = {
			isa = XCBuildConfiguration;
			buildSettings = {
				GCC_PRECOMPILE_PREFIX_HEADER = YES;
				GCC_PREFIX_HEADER = "Tasks/Tasks-Prefix.pch";
				HEADER_SEARCH_PATHS = (
					submodules/tapku/src,
					"submodules/json-framework/src/main/objc",
				);
				INFOPLIST_FILE = "Tasks/Tasks-Info.plist";
				OTHER_LDFLAGS = "-ObjC";
				PRODUCT_NAME = "$(TARGET_NAME)";
				WRAPPER_EXTENSION = app;
			};
			name = Release;
		};
/* End XCBuildConfiguration section */

/* Begin XCConfigurationList section */
		C311E7EF16E21B89008A71AD /* Build configuration list for PBXProject "Tasks" */ = {
			isa = XCConfigurationList;
			buildConfigurations = (
				C311E80F16E21B89008A71AD /* Debug */,
				C311E81016E21B89008A71AD /* Release */,
			);
			defaultConfigurationIsVisible = 0;
			defaultConfigurationName = Release;
		};
		C311E81116E21B89008A71AD /* Build configuration list for PBXNativeTarget "Tasks" */ = {
			isa = XCConfigurationList;
			buildConfigurations = (
				C311E81216E21B89008A71AD /* Debug */,
				C311E81316E21B89008A71AD /* Release */,
			);
			defaultConfigurationIsVisible = 0;
			defaultConfigurationName = Release;
		};
/* End XCConfigurationList section */

/* Begin XCVersionGroup section */
		C3D2021016EE734000BB7B60 /* Model.xcdatamodeld */ = {
			isa = XCVersionGroup;
			children = (
				C3D2021116EE734000BB7B60 /* Model.xcdatamodel */,
			);
			currentVersion = C3D2021116EE734000BB7B60 /* Model.xcdatamodel */;
			path = Model.xcdatamodeld;
			sourceTree = "<group>";
			versionGroupType = wrapper.xcdatamodel;
		};
/* End XCVersionGroup section */
	};
	rootObject = C311E7EC16E21B89008A71AD /* Project object */;
}
